
Microsoft Visual Studio Solution File, Format Version 12.00
# Visual Studio Version 16
VisualStudioVersion = 16.0.30907.101
MinimumVisualStudioVersion = 10.0.40219.1
Project("{FAE04EC0-301F-11D3-BF4B-00C04F79EFBC}") = "GameProject", "GameProject\GameProject.csproj", "{FA0DBB68-4B6F-4D37-A93F-93FC2A2D8C68}"
EndProject
Global
	GlobalSection(SolutionConfigurationPlatforms) = preSolution
		Debug|Any CPU = Debug|Any CPU
		Release|Any CPU = Release|Any CPU
	EndGlobalSection
	GlobalSection(ProjectConfigurationPlatforms) = postSolution
		{FA0DBB68-4B6F-4D37-A93F-93FC2A2D8C68}.Debug|Any CPU.ActiveCfg = Debug|Any CPU
		{FA0DBB68-4B6F-4D37-A93F-93FC2A2D8C68}.Debug|Any CPU.Build.0 = Debug|Any CPU
		{FA0DBB68-4B6F-4D37-A93F-93FC2A2D8C68}.Release|Any CPU.ActiveCfg = Release|Any CPU
		{FA0DBB68-4B6F-4D37-A93F-93FC2A2D8C68}.Release|Any CPU.Build.0 = Release|Any CPU
	EndGlobalSection
	GlobalSection(SolutionProperties) = preSolution
		HideSolutionNode = FALSE
	EndGlobalSection
	GlobalSection(ExtensibilityGlobals) = postSolution
		SolutionGuid = {1C56B93D-9216-4086-9C36-1B14D752529F}
	EndGlobalSection
EndGlobal
